
Microsoft Visual Studio Solution File, Format Version 12.00
Project("{2150E333-8FDC-42A3-9474-1A3956D46DE8}") = "Core", "Core", "{2C659C55-875F-4F12-B3C2-281948B37D60}"
EndProject
Project("{2150E333-8FDC-42A3-9474-1A3956D46DE8}") = "Presentation", "Presentation", "{80357FEF-30E8-42BD-A3A1-3C0016673BE5}"
EndProject
Project("{2150E333-8FDC-42A3-9474-1A3956D46DE8}") = "Infrastructure", "Infrastructure", "{8E0DCE60-D80D-4180-8C15-9035B6BE90CE}"
EndProject
Project("{FAE04EC0-301F-11D3-BF4B-00C04F79EFBC}") = "AnswerService.Domain", "AnswerService.Domain\AnswerService.Domain.csproj", "{173907D0-1196-403E-B146-F7EF24C17DFF}"
EndProject
Project("{FAE04EC0-301F-11D3-BF4B-00C04F79EFBC}") = "AnswerService.Application", "AnswerService.Application\AnswerService.Application.csproj", "{1A7BA08A-53D2-4C1F-A40D-EAC52CAF6146}"
EndProject
Project("{FAE04EC0-301F-11D3-BF4B-00C04F79EFBC}") = "AnswerService.DAL", "AnswerService.DAL\AnswerService.DAL.csproj", "{AC706B98-FD0C-47CF-B99B-E043C9DB162E}"
EndProject
Project("{FAE04EC0-301F-11D3-BF4B-00C04F79EFBC}") = "AnswerService.Api", "AnswerService.Api\AnswerService.Api.csproj", "{EB6B924B-C1F1-41D5-90AE-49AAA32968C2}"
EndProject
Project("{2150E333-8FDC-42A3-9474-1A3956D46DE8}") = "Solution Items", "Solution Items", "{F69AAC41-4754-441F-A333-5E193848A773}"
	ProjectSection(SolutionItems) = preProject
		docker-compose.yaml = docker-compose.yaml
		.env = .env
		logstash.conf = logstash.conf
		.github\workflows\sonarqube.yml = .github\workflows\sonarqube.yml
	EndProjectSection
EndProject
Project("{FAE04EC0-301F-11D3-BF4B-00C04F79EFBC}") = "AnswerService.Messaging", "AnswerService.Messaging\AnswerService.Messaging.csproj", "{B28D140C-AE08-4B29-9720-7AE01B2AD536}"
EndProject
Project("{FAE04EC0-301F-11D3-BF4B-00C04F79EFBC}") = "AnswerService.Cache", "AnswerService.Cache\AnswerService.Cache.csproj", "{3DAE9A9A-325C-449F-9D0D-CA6EFDEBF0E4}"
EndProject
Project("{FAE04EC0-301F-11D3-BF4B-00C04F79EFBC}") = "AnswerService.Outbox", "AnswerService.Outbox\AnswerService.Outbox.csproj", "{2ADD6E97-C20B-4000-ABDB-68AD52176015}"
EndProject
Project("{FAE04EC0-301F-11D3-BF4B-00C04F79EFBC}") = "AnswerService.GrpcClient", "AnswerService.GrpcClient\AnswerService.GrpcClient.csproj", "{07C9189B-20FE-4B35-AD21-C4309E0ECD7D}"
EndProject
Project("{FAE04EC0-301F-11D3-BF4B-00C04F79EFBC}") = "AnswerService.BackgroundJobs", "AnswerService.BackgroundJobs\AnswerService.BackgroundJobs.csproj", "{08FA7668-EC1E-4C68-BE64-974D46D7A5A2}"
EndProject
Global
	GlobalSection(SolutionConfigurationPlatforms) = preSolution
		Debug|Any CPU = Debug|Any CPU
		Release|Any CPU = Release|Any CPU
	EndGlobalSection
	GlobalSection(NestedProjects) = preSolution
		{173907D0-1196-403E-B146-F7EF24C17DFF} = {2C659C55-875F-4F12-B3C2-281948B37D60}
		{1A7BA08A-53D2-4C1F-A40D-EAC52CAF6146} = {2C659C55-875F-4F12-B3C2-281948B37D60}
		{AC706B98-FD0C-47CF-B99B-E043C9DB162E} = {8E0DCE60-D80D-4180-8C15-9035B6BE90CE}
		{EB6B924B-C1F1-41D5-90AE-49AAA32968C2} = {80357FEF-30E8-42BD-A3A1-3C0016673BE5}
		{B28D140C-AE08-4B29-9720-7AE01B2AD536} = {8E0DCE60-D80D-4180-8C15-9035B6BE90CE}
		{3DAE9A9A-325C-449F-9D0D-CA6EFDEBF0E4} = {8E0DCE60-D80D-4180-8C15-9035B6BE90CE}
		{2ADD6E97-C20B-4000-ABDB-68AD52176015} = {8E0DCE60-D80D-4180-8C15-9035B6BE90CE}
		{07C9189B-20FE-4B35-AD21-C4309E0ECD7D} = {8E0DCE60-D80D-4180-8C15-9035B6BE90CE}
		{08FA7668-EC1E-4C68-BE64-974D46D7A5A2} = {8E0DCE60-D80D-4180-8C15-9035B6BE90CE}
	EndGlobalSection
	GlobalSection(ProjectConfigurationPlatforms) = postSolution
		{173907D0-1196-403E-B146-F7EF24C17DFF}.Debug|Any CPU.ActiveCfg = Debug|Any CPU
		{173907D0-1196-403E-B146-F7EF24C17DFF}.Debug|Any CPU.Build.0 = Debug|Any CPU
		{173907D0-1196-403E-B146-F7EF24C17DFF}.Release|Any CPU.ActiveCfg = Release|Any CPU
		{173907D0-1196-403E-B146-F7EF24C17DFF}.Release|Any CPU.Build.0 = Release|Any CPU
		{1A7BA08A-53D2-4C1F-A40D-EAC52CAF6146}.Debug|Any CPU.ActiveCfg = Debug|Any CPU
		{1A7BA08A-53D2-4C1F-A40D-EAC52CAF6146}.Debug|Any CPU.Build.0 = Debug|Any CPU
		{1A7BA08A-53D2-4C1F-A40D-EAC52CAF6146}.Release|Any CPU.ActiveCfg = Release|Any CPU
		{1A7BA08A-53D2-4C1F-A40D-EAC52CAF6146}.Release|Any CPU.Build.0 = Release|Any CPU
		{AC706B98-FD0C-47CF-B99B-E043C9DB162E}.Debug|Any CPU.ActiveCfg = Debug|Any CPU
		{AC706B98-FD0C-47CF-B99B-E043C9DB162E}.Debug|Any CPU.Build.0 = Debug|Any CPU
		{AC706B98-FD0C-47CF-B99B-E043C9DB162E}.Release|Any CPU.ActiveCfg = Release|Any CPU
		{AC706B98-FD0C-47CF-B99B-E043C9DB162E}.Release|Any CPU.Build.0 = Release|Any CPU
		{EB6B924B-C1F1-41D5-90AE-49AAA32968C2}.Debug|Any CPU.ActiveCfg = Debug|Any CPU
		{EB6B924B-C1F1-41D5-90AE-49AAA32968C2}.Debug|Any CPU.Build.0 = Debug|Any CPU
		{EB6B924B-C1F1-41D5-90AE-49AAA32968C2}.Release|Any CPU.ActiveCfg = Release|Any CPU
		{EB6B924B-C1F1-41D5-90AE-49AAA32968C2}.Release|Any CPU.Build.0 = Release|Any CPU
		{B28D140C-AE08-4B29-9720-7AE01B2AD536}.Debug|Any CPU.ActiveCfg = Debug|Any CPU
		{B28D140C-AE08-4B29-9720-7AE01B2AD536}.Debug|Any CPU.Build.0 = Debug|Any CPU
		{B28D140C-AE08-4B29-9720-7AE01B2AD536}.Release|Any CPU.ActiveCfg = Release|Any CPU
		{B28D140C-AE08-4B29-9720-7AE01B2AD536}.Release|Any CPU.Build.0 = Release|Any CPU
		{3DAE9A9A-325C-449F-9D0D-CA6EFDEBF0E4}.Debug|Any CPU.ActiveCfg = Debug|Any CPU
		{3DAE9A9A-325C-449F-9D0D-CA6EFDEBF0E4}.Debug|Any CPU.Build.0 = Debug|Any CPU
		{3DAE9A9A-325C-449F-9D0D-CA6EFDEBF0E4}.Release|Any CPU.ActiveCfg = Release|Any CPU
		{3DAE9A9A-325C-449F-9D0D-CA6EFDEBF0E4}.Release|Any CPU.Build.0 = Release|Any CPU
		{2ADD6E97-C20B-4000-ABDB-68AD52176015}.Debug|Any CPU.ActiveCfg = Debug|Any CPU
		{2ADD6E97-C20B-4000-ABDB-68AD52176015}.Debug|Any CPU.Build.0 = Debug|Any CPU
		{2ADD6E97-C20B-4000-ABDB-68AD52176015}.Release|Any CPU.ActiveCfg = Release|Any CPU
		{2ADD6E97-C20B-4000-ABDB-68AD52176015}.Release|Any CPU.Build.0 = Release|Any CPU
		{07C9189B-20FE-4B35-AD21-C4309E0ECD7D}.Debug|Any CPU.ActiveCfg = Debug|Any CPU
		{07C9189B-20FE-4B35-AD21-C4309E0ECD7D}.Debug|Any CPU.Build.0 = Debug|Any CPU
		{07C9189B-20FE-4B35-AD21-C4309E0ECD7D}.Release|Any CPU.ActiveCfg = Release|Any CPU
		{07C9189B-20FE-4B35-AD21-C4309E0ECD7D}.Release|Any CPU.Build.0 = Release|Any CPU
		{08FA7668-EC1E-4C68-BE64-974D46D7A5A2}.Debug|Any CPU.ActiveCfg = Debug|Any CPU
		{08FA7668-EC1E-4C68-BE64-974D46D7A5A2}.Debug|Any CPU.Build.0 = Debug|Any CPU
		{08FA7668-EC1E-4C68-BE64-974D46D7A5A2}.Release|Any CPU.ActiveCfg = Release|Any CPU
		{08FA7668-EC1E-4C68-BE64-974D46D7A5A2}.Release|Any CPU.Build.0 = Release|Any CPU
	EndGlobalSection
EndGlobal
